{
  "requires": true,
  "lockfileVersion": 1,
  "dependencies": {
    "vue2-datepicker": {
      "version": "2.11.0",
      "resolved": "https://registry.npmjs.org/vue2-datepicker/-/vue2-datepicker-2.11.0.tgz",
      "integrity": "sha512-EW8M4PPDJG2c2cZXZCYLVregx4dhlJ+GC7rDGuGex0MlnhM8SHegL+/xFxrnUBD9NLvwrgWEEub5i7Ic/EG/+w==",
      "requires": {
        "fecha": "^2.3.3"
      },
      "dependencies": {
        "fecha": {
          "version": "2.3.3",
          "resolved": "https://registry.npmjs.org/fecha/-/fecha-2.3.3.tgz",
          "integrity": "sha512-lUGBnIamTAwk4znq5BcqsDaxSmZ9nDVJaij6NvRt/Tg4R69gERA+otPKbS86ROw9nxVMw2/mp1fnaiWqbs6Sdg=="
        }
      }
    },
    "vuex": {
      "version": "3.1.0"
    }
  }
}
